
Microsoft Visual Studio Solution File, Format Version 12.00
# Visual Studio Version 17
VisualStudioVersion = 17.12.35707.178
MinimumVisualStudioVersion = 10.0.40219.1
Project("{FAE04EC0-301F-11D3-BF4B-00C04F79EFBC}") = "ECondo.Api", "ECondo.Api\ECondo.Api.csproj", "{C121B79D-B088-4C89-8009-301A72BAEBD9}"
EndProject
Project("{FAE04EC0-301F-11D3-BF4B-00C04F79EFBC}") = "ECondo.Domain", "ECondo.Domain\ECondo.Domain.csproj", "{7ACEFA0F-69BD-4B7F-99CE-429D6DE190AA}"
EndProject
Project("{2150E333-8FDC-42A3-9474-1A3956D46DE8}") = "src", "src", "{51FAD893-9652-4751-AE25-2682DD7B83DB}"
EndProject
Project("{FAE04EC0-301F-11D3-BF4B-00C04F79EFBC}") = "ECondo.Application", "ECondo.Application\ECondo.Application.csproj", "{99B49F2B-ED73-4FE1-9264-5571D28B9C0F}"
EndProject
Project("{FAE04EC0-301F-11D3-BF4B-00C04F79EFBC}") = "ECondo.Infrastructure", "ECondo.Infrastructure\ECondo.Infrastructure.csproj", "{E567D4A2-F808-4E66-814F-CEEE5DC0087E}"
EndProject
Project("{E53339B2-1760-4266-BCC7-CA923CBCF16C}") = "docker-compose", "docker-compose.dcproj", "{12CBA141-4BF0-4893-A323-FA526911C0E2}"
EndProject
Project("{2150E333-8FDC-42A3-9474-1A3956D46DE8}") = "tests", "tests", "{5844E686-BEBE-40AB-A57B-E4CA5874A882}"
EndProject
Project("{FAE04EC0-301F-11D3-BF4B-00C04F79EFBC}") = "ECondo.Application.UnitTests", "ECondo.Application.UnitTests\ECondo.Application.UnitTests.csproj", "{92EC01BF-60E9-4951-84DC-9D4E89D52410}"
EndProject
Project("{FAE04EC0-301F-11D3-BF4B-00C04F79EFBC}") = "ECondo.Application.IntegrationTests", "ECondo.Application.IntegrationTests\ECondo.Application.IntegrationTests.csproj", "{C70CFF9E-0433-4097-85D4-D0A5DA4384F7}"
EndProject
Project("{FAE04EC0-301F-11D3-BF4B-00C04F79EFBC}") = "ECondo.SharedKernel", "ECondo.SharedKernel\ECondo.SharedKernel.csproj", "{640CF724-5526-4183-9910-4979E796B698}"
EndProject
Global
	GlobalSection(SolutionConfigurationPlatforms) = preSolution
		Debug|Any CPU = Debug|Any CPU
		Release|Any CPU = Release|Any CPU
	EndGlobalSection
	GlobalSection(ProjectConfigurationPlatforms) = postSolution
		{C121B79D-B088-4C89-8009-301A72BAEBD9}.Debug|Any CPU.ActiveCfg = Debug|Any CPU
		{C121B79D-B088-4C89-8009-301A72BAEBD9}.Debug|Any CPU.Build.0 = Debug|Any CPU
		{C121B79D-B088-4C89-8009-301A72BAEBD9}.Release|Any CPU.ActiveCfg = Release|Any CPU
		{C121B79D-B088-4C89-8009-301A72BAEBD9}.Release|Any CPU.Build.0 = Release|Any CPU
		{7ACEFA0F-69BD-4B7F-99CE-429D6DE190AA}.Debug|Any CPU.ActiveCfg = Debug|Any CPU
		{7ACEFA0F-69BD-4B7F-99CE-429D6DE190AA}.Debug|Any CPU.Build.0 = Debug|Any CPU
		{7ACEFA0F-69BD-4B7F-99CE-429D6DE190AA}.Release|Any CPU.ActiveCfg = Release|Any CPU
		{7ACEFA0F-69BD-4B7F-99CE-429D6DE190AA}.Release|Any CPU.Build.0 = Release|Any CPU
		{99B49F2B-ED73-4FE1-9264-5571D28B9C0F}.Debug|Any CPU.ActiveCfg = Debug|Any CPU
		{99B49F2B-ED73-4FE1-9264-5571D28B9C0F}.Debug|Any CPU.Build.0 = Debug|Any CPU
		{99B49F2B-ED73-4FE1-9264-5571D28B9C0F}.Release|Any CPU.ActiveCfg = Release|Any CPU
		{99B49F2B-ED73-4FE1-9264-5571D28B9C0F}.Release|Any CPU.Build.0 = Release|Any CPU
		{E567D4A2-F808-4E66-814F-CEEE5DC0087E}.Debug|Any CPU.ActiveCfg = Debug|Any CPU
		{E567D4A2-F808-4E66-814F-CEEE5DC0087E}.Debug|Any CPU.Build.0 = Debug|Any CPU
		{E567D4A2-F808-4E66-814F-CEEE5DC0087E}.Release|Any CPU.ActiveCfg = Release|Any CPU
		{E567D4A2-F808-4E66-814F-CEEE5DC0087E}.Release|Any CPU.Build.0 = Release|Any CPU
		{12CBA141-4BF0-4893-A323-FA526911C0E2}.Debug|Any CPU.ActiveCfg = Debug|Any CPU
		{12CBA141-4BF0-4893-A323-FA526911C0E2}.Debug|Any CPU.Build.0 = Debug|Any CPU
		{12CBA141-4BF0-4893-A323-FA526911C0E2}.Release|Any CPU.ActiveCfg = Release|Any CPU
		{12CBA141-4BF0-4893-A323-FA526911C0E2}.Release|Any CPU.Build.0 = Release|Any CPU
		{92EC01BF-60E9-4951-84DC-9D4E89D52410}.Debug|Any CPU.ActiveCfg = Debug|Any CPU
		{92EC01BF-60E9-4951-84DC-9D4E89D52410}.Debug|Any CPU.Build.0 = Debug|Any CPU
		{92EC01BF-60E9-4951-84DC-9D4E89D52410}.Release|Any CPU.ActiveCfg = Release|Any CPU
		{92EC01BF-60E9-4951-84DC-9D4E89D52410}.Release|Any CPU.Build.0 = Release|Any CPU
		{C70CFF9E-0433-4097-85D4-D0A5DA4384F7}.Debug|Any CPU.ActiveCfg = Debug|Any CPU
		{C70CFF9E-0433-4097-85D4-D0A5DA4384F7}.Debug|Any CPU.Build.0 = Debug|Any CPU
		{C70CFF9E-0433-4097-85D4-D0A5DA4384F7}.Release|Any CPU.ActiveCfg = Release|Any CPU
		{C70CFF9E-0433-4097-85D4-D0A5DA4384F7}.Release|Any CPU.Build.0 = Release|Any CPU
		{640CF724-5526-4183-9910-4979E796B698}.Debug|Any CPU.ActiveCfg = Debug|Any CPU
		{640CF724-5526-4183-9910-4979E796B698}.Debug|Any CPU.Build.0 = Debug|Any CPU
		{640CF724-5526-4183-9910-4979E796B698}.Release|Any CPU.ActiveCfg = Release|Any CPU
		{640CF724-5526-4183-9910-4979E796B698}.Release|Any CPU.Build.0 = Release|Any CPU
	EndGlobalSection
	GlobalSection(SolutionProperties) = preSolution
		HideSolutionNode = FALSE
	EndGlobalSection
	GlobalSection(NestedProjects) = preSolution
		{C121B79D-B088-4C89-8009-301A72BAEBD9} = {51FAD893-9652-4751-AE25-2682DD7B83DB}
		{7ACEFA0F-69BD-4B7F-99CE-429D6DE190AA} = {51FAD893-9652-4751-AE25-2682DD7B83DB}
		{99B49F2B-ED73-4FE1-9264-5571D28B9C0F} = {51FAD893-9652-4751-AE25-2682DD7B83DB}
		{E567D4A2-F808-4E66-814F-CEEE5DC0087E} = {51FAD893-9652-4751-AE25-2682DD7B83DB}
		{92EC01BF-60E9-4951-84DC-9D4E89D52410} = {5844E686-BEBE-40AB-A57B-E4CA5874A882}
		{C70CFF9E-0433-4097-85D4-D0A5DA4384F7} = {5844E686-BEBE-40AB-A57B-E4CA5874A882}
		{640CF724-5526-4183-9910-4979E796B698} = {51FAD893-9652-4751-AE25-2682DD7B83DB}
	EndGlobalSection
	GlobalSection(ExtensibilityGlobals) = postSolution
		SolutionGuid = {29376348-8E26-4C7C-A441-8B922F1FAC87}
	EndGlobalSection
EndGlobal
